
Microsoft Visual Studio Solution File, Format Version 12.00
# Visual Studio Version 17
VisualStudioVersion = 17.7.34024.191
MinimumVisualStudioVersion = 10.0.40219.1
Project("{2150E333-8FDC-42A3-9474-1A3956D46DE8}") = "FrontEnd", "FrontEnd", "{0D60DBA8-299F-4335-96FE-4EA1704322EB}"
EndProject
Project("{2150E333-8FDC-42A3-9474-1A3956D46DE8}") = "Gateway", "Gateway", "{3666258F-6159-42C5-877F-38E0833D5EA3}"
EndProject
Project("{2150E333-8FDC-42A3-9474-1A3956D46DE8}") = "Integration", "Integration", "{105852FD-EC97-4AB4-BC4C-BAA72EBFF799}"
EndProject
Project("{2150E333-8FDC-42A3-9474-1A3956D46DE8}") = "Services", "Services", "{84528902-EAA4-43FD-8451-F2BA6E0D2071}"
EndProject
Project("{FAE04EC0-301F-11D3-BF4B-00C04F79EFBC}") = "EPES.Services.AuthAPI", "EPES.Services.AuthAPI\EPES.Services.AuthAPI.csproj", "{9D885307-6DBB-4B1C-92BB-9731A6659B84}"
EndProject
Project("{FAE04EC0-301F-11D3-BF4B-00C04F79EFBC}") = "EPES.Web", "EPES.Web\EPES.Web.csproj", "{5AEF2F38-AA9E-498F-A058-8E098816CDC7}"
EndProject
Project("{FAE04EC0-301F-11D3-BF4B-00C04F79EFBC}") = "EPES.Services.PerformanceEvaluationAPI", "EPES.Services.PerformanceEvaluationAPI\EPES.Services.PerformanceEvaluationAPI.csproj", "{1B599A23-32B6-4CE9-A699-9CA7C72CBE36}"
EndProject
Project("{FAE04EC0-301F-11D3-BF4B-00C04F79EFBC}") = "EPES.Services.NotificationsAndAlertsAPI", "EPES.Services.NotificationsAndAlertsAPI\EPES.Services.NotificationsAndAlertsAPI.csproj", "{745B853A-16BD-4030-A25F-1E7D46E9E897}"
EndProject
Project("{FAE04EC0-301F-11D3-BF4B-00C04F79EFBC}") = "EPES.Services.FeedbackAndCommentsAPI", "EPES.Services.FeedbackAndCommentsAPI\EPES.Services.FeedbackAndCommentsAPI.csproj", "{CBFBE924-7D61-4911-9541-28CEED07EA38}"
EndProject
Global
	GlobalSection(SolutionConfigurationPlatforms) = preSolution
		Debug|Any CPU = Debug|Any CPU
		Release|Any CPU = Release|Any CPU
	EndGlobalSection
	GlobalSection(ProjectConfigurationPlatforms) = postSolution
		{9D885307-6DBB-4B1C-92BB-9731A6659B84}.Debug|Any CPU.ActiveCfg = Debug|Any CPU
		{9D885307-6DBB-4B1C-92BB-9731A6659B84}.Debug|Any CPU.Build.0 = Debug|Any CPU
		{9D885307-6DBB-4B1C-92BB-9731A6659B84}.Release|Any CPU.ActiveCfg = Release|Any CPU
		{9D885307-6DBB-4B1C-92BB-9731A6659B84}.Release|Any CPU.Build.0 = Release|Any CPU
		{5AEF2F38-AA9E-498F-A058-8E098816CDC7}.Debug|Any CPU.ActiveCfg = Debug|Any CPU
		{5AEF2F38-AA9E-498F-A058-8E098816CDC7}.Debug|Any CPU.Build.0 = Debug|Any CPU
		{5AEF2F38-AA9E-498F-A058-8E098816CDC7}.Release|Any CPU.ActiveCfg = Release|Any CPU
		{5AEF2F38-AA9E-498F-A058-8E098816CDC7}.Release|Any CPU.Build.0 = Release|Any CPU
		{1B599A23-32B6-4CE9-A699-9CA7C72CBE36}.Debug|Any CPU.ActiveCfg = Debug|Any CPU
		{1B599A23-32B6-4CE9-A699-9CA7C72CBE36}.Debug|Any CPU.Build.0 = Debug|Any CPU
		{1B599A23-32B6-4CE9-A699-9CA7C72CBE36}.Release|Any CPU.ActiveCfg = Release|Any CPU
		{1B599A23-32B6-4CE9-A699-9CA7C72CBE36}.Release|Any CPU.Build.0 = Release|Any CPU
		{745B853A-16BD-4030-A25F-1E7D46E9E897}.Debug|Any CPU.ActiveCfg = Debug|Any CPU
		{745B853A-16BD-4030-A25F-1E7D46E9E897}.Debug|Any CPU.Build.0 = Debug|Any CPU
		{745B853A-16BD-4030-A25F-1E7D46E9E897}.Release|Any CPU.ActiveCfg = Release|Any CPU
		{745B853A-16BD-4030-A25F-1E7D46E9E897}.Release|Any CPU.Build.0 = Release|Any CPU
		{CBFBE924-7D61-4911-9541-28CEED07EA38}.Debug|Any CPU.ActiveCfg = Debug|Any CPU
		{CBFBE924-7D61-4911-9541-28CEED07EA38}.Debug|Any CPU.Build.0 = Debug|Any CPU
		{CBFBE924-7D61-4911-9541-28CEED07EA38}.Release|Any CPU.ActiveCfg = Release|Any CPU
		{CBFBE924-7D61-4911-9541-28CEED07EA38}.Release|Any CPU.Build.0 = Release|Any CPU
	EndGlobalSection
	GlobalSection(SolutionProperties) = preSolution
		HideSolutionNode = FALSE
	EndGlobalSection
	GlobalSection(NestedProjects) = preSolution
		{9D885307-6DBB-4B1C-92BB-9731A6659B84} = {84528902-EAA4-43FD-8451-F2BA6E0D2071}
		{5AEF2F38-AA9E-498F-A058-8E098816CDC7} = {0D60DBA8-299F-4335-96FE-4EA1704322EB}
		{1B599A23-32B6-4CE9-A699-9CA7C72CBE36} = {84528902-EAA4-43FD-8451-F2BA6E0D2071}
		{745B853A-16BD-4030-A25F-1E7D46E9E897} = {84528902-EAA4-43FD-8451-F2BA6E0D2071}
		{CBFBE924-7D61-4911-9541-28CEED07EA38} = {84528902-EAA4-43FD-8451-F2BA6E0D2071}
	EndGlobalSection
	GlobalSection(ExtensibilityGlobals) = postSolution
		SolutionGuid = {724EE153-3285-401F-90C4-F0BDF9604047}
	EndGlobalSection
EndGlobal
